
Microsoft Visual Studio Solution File, Format Version 12.00
# Visual Studio Version 17
VisualStudioVersion = 17.8.34316.72
MinimumVisualStudioVersion = 10.0.40219.1
Project("{FAE04EC0-301F-11D3-BF4B-00C04F79EFBC}") = "AverageLoadTest", "AverageLoadTest\AverageLoadTest.csproj", "{32718260-DC5E-4A23-90B5-97A93A861BE8}"
EndProject
Global
	GlobalSection(SolutionConfigurationPlatforms) = preSolution
		Debug|Any CPU = Debug|Any CPU
		Release|Any CPU = Release|Any CPU
	EndGlobalSection
	GlobalSection(ProjectConfigurationPlatforms) = postSolution
		{32718260-DC5E-4A23-90B5-97A93A861BE8}.Debug|Any CPU.ActiveCfg = Debug|Any CPU
		{32718260-DC5E-4A23-90B5-97A93A861BE8}.Debug|Any CPU.Build.0 = Debug|Any CPU
		{32718260-DC5E-4A23-90B5-97A93A861BE8}.Release|Any CPU.ActiveCfg = Release|Any CPU
		{32718260-DC5E-4A23-90B5-97A93A861BE8}.Release|Any CPU.Build.0 = Release|Any CPU
	EndGlobalSection
	GlobalSection(SolutionProperties) = preSolution
		HideSolutionNode = FALSE
	EndGlobalSection
	GlobalSection(ExtensibilityGlobals) = postSolution
		SolutionGuid = {BB9B0580-B0FA-41BB-9738-79FB3A5B146F}
	EndGlobalSection
EndGlobal
